# This file was autogenerated by Stack.
# You should not edit this file by hand.
# For more information, please see the documentation at:
#   https://docs.haskellstack.org/en/stable/lock_files

packages:
- completed:
    hackage: hspec-discover-2.7.8@sha256:d2a4c026af0878d9da5f67fbe8928b93798eab51a807171b59c43a164feb72ed,2183
    pantry-tree:
      size: 1131
      sha256: 37a471f0da39cbe11800584eb6c744374cf4756d32ae9477627d86403650f1a2
  original:
    hackage: hspec-discover-2.7.8
snapshots:
- completed:
    size: 563100
    url: https://raw.githubusercontent.com/commercialhaskell/stackage-snapshots/master/lts/17/0.yaml
    sha256: e93a85871577ea3423d5f3454b2b6bd37c2c2123c79faf511dfb64f5b49a9f8b
  original:
    url: https://raw.githubusercontent.com/commercialhaskell/stackage-snapshots/master/lts/17/0.yaml
